
Microsoft Visual Studio Solution File, Format Version 12.00
# Visual Studio 15
VisualStudioVersion = 15.0.28307.1022
MinimumVisualStudioVersion = 10.0.40219.1
Project("{8BC9CEB8-8B4A-11D0-8D11-00A0C91BC942}") = "testTasks", "testTasks\testTasks.vcxproj", "{DCBA2A16-C4C1-47A1-919E-7EA404F52B75}"
EndProject
Global
	GlobalSection(SolutionConfigurationPlatforms) = preSolution
		Debug|x64 = Debug|x64
		Debug|x86 = Debug|x86
		Release|x64 = Release|x64
		Release|x86 = Release|x86
	EndGlobalSection
	GlobalSection(ProjectConfigurationPlatforms) = postSolution
		{DCBA2A16-C4C1-47A1-919E-7EA404F52B75}.Debug|x64.ActiveCfg = Debug|x64
		{DCBA2A16-C4C1-47A1-919E-7EA404F52B75}.Debug|x64.Build.0 = Debug|x64
		{DCBA2A16-C4C1-47A1-919E-7EA404F52B75}.Debug|x86.ActiveCfg = Debug|Win32
		{DCBA2A16-C4C1-47A1-919E-7EA404F52B75}.Debug|x86.Build.0 = Debug|Win32
		{DCBA2A16-C4C1-47A1-919E-7EA404F52B75}.Release|x64.ActiveCfg = Release|x64
		{DCBA2A16-C4C1-47A1-919E-7EA404F52B75}.Release|x64.Build.0 = Release|x64
		{DCBA2A16-C4C1-47A1-919E-7EA404F52B75}.Release|x86.ActiveCfg = Release|Win32
		{DCBA2A16-C4C1-47A1-919E-7EA404F52B75}.Release|x86.Build.0 = Release|Win32
	EndGlobalSection
	GlobalSection(SolutionProperties) = preSolution
		HideSolutionNode = FALSE
	EndGlobalSection
	GlobalSection(ExtensibilityGlobals) = postSolution
		SolutionGuid = {E93CB71A-AC04-4BF7-B73B-C358FB65F291}
	EndGlobalSection
EndGlobal
